// !$*UTF8*$!
{
	archiveVersion = 1;
	classes = {
	};
	objectVersion = 50;
	objects = {

/* Begin PBXBuildFile section */
		3C33E083265BBF3300EF1612 /* main.swift in Sources */ = {isa = PBXBuildFile; fileRef = 3C33E082265BBF3300EF1612 /* main.swift */; };
		3C33E08B265BC88200EF1612 /* Lox.swift in Sources */ = {isa = PBXBuildFile; fileRef = 3C33E08A265BC88200EF1612 /* Lox.swift */; };
		3C33E08E265BE0DB00EF1612 /* TokenType.swift in Sources */ = {isa = PBXBuildFile; fileRef = 3C33E08D265BE0DB00EF1612 /* TokenType.swift */; };
		3C33E091265BE28200EF1612 /* Token.swift in Sources */ = {isa = PBXBuildFile; fileRef = 3C33E090265BE28200EF1612 /* Token.swift */; };
		3C33E094265BE7EC00EF1612 /* Scanner.swift in Sources */ = {isa = PBXBuildFile; fileRef = 3C33E093265BE7EC00EF1612 /* Scanner.swift */; };
		3C33E09D265D39B700EF1612 /* ScannerTests.swift in Sources */ = {isa = PBXBuildFile; fileRef = 3C33E09C265D39B700EF1612 /* ScannerTests.swift */; };
		3C33E0A6265D3BDE00EF1612 /* Lox.swift in Sources */ = {isa = PBXBuildFile; fileRef = 3C33E08A265BC88200EF1612 /* Lox.swift */; };
		3C33E0A9265D3BE100EF1612 /* TokenType.swift in Sources */ = {isa = PBXBuildFile; fileRef = 3C33E08D265BE0DB00EF1612 /* TokenType.swift */; };
		3C33E0AC265D3BE400EF1612 /* Token.swift in Sources */ = {isa = PBXBuildFile; fileRef = 3C33E090265BE28200EF1612 /* Token.swift */; };
		3C33E0AF265D3BE700EF1612 /* Scanner.swift in Sources */ = {isa = PBXBuildFile; fileRef = 3C33E093265BE7EC00EF1612 /* Scanner.swift */; };
		3C33E0BD265E3A0100EF1612 /* Expr.swift in Sources */ = {isa = PBXBuildFile; fileRef = 3C33E0BC265E3A0100EF1612 /* Expr.swift */; };
		3C33E0C7265E3D9900EF1612 /* main.swift in Sources */ = {isa = PBXBuildFile; fileRef = 3C33E0C6265E3D9900EF1612 /* main.swift */; };
/* End PBXBuildFile section */

/* Begin PBXCopyFilesBuildPhase section */
		3C33E07D265BBF3300EF1612 /* CopyFiles */ = {
			isa = PBXCopyFilesBuildPhase;
			buildActionMask = 2147483647;
			dstPath = /usr/share/man/man1/;
			dstSubfolderSpec = 0;
			files = (
			);
			runOnlyForDeploymentPostprocessing = 1;
		};
		3C33E0C2265E3D9900EF1612 /* CopyFiles */ = {
			isa = PBXCopyFilesBuildPhase;
			buildActionMask = 2147483647;
			dstPath = /usr/share/man/man1/;
			dstSubfolderSpec = 0;
			files = (
			);
			runOnlyForDeploymentPostprocessing = 1;
		};
/* End PBXCopyFilesBuildPhase section */

/* Begin PBXFileReference section */
		3C33E07F265BBF3300EF1612 /* Lox */ = {isa = PBXFileReference; explicitFileType = "compiled.mach-o.executable"; includeInIndex = 0; path = Lox; sourceTree = BUILT_PRODUCTS_DIR; };
		3C33E082265BBF3300EF1612 /* main.swift */ = {isa = PBXFileReference; lastKnownFileType = sourcecode.swift; path = main.swift; sourceTree = "<group>"; };
		3C33E08A265BC88200EF1612 /* Lox.swift */ = {isa = PBXFileReference; lastKnownFileType = sourcecode.swift; path = Lox.swift; sourceTree = "<group>"; };
		3C33E08D265BE0DB00EF1612 /* TokenType.swift */ = {isa = PBXFileReference; lastKnownFileType = sourcecode.swift; path = TokenType.swift; sourceTree = "<group>"; };
		3C33E090265BE28200EF1612 /* Token.swift */ = {isa = PBXFileReference; lastKnownFileType = sourcecode.swift; path = Token.swift; sourceTree = "<group>"; };
		3C33E093265BE7EC00EF1612 /* Scanner.swift */ = {isa = PBXFileReference; lastKnownFileType = sourcecode.swift; path = Scanner.swift; sourceTree = "<group>"; };
		3C33E09A265D39B700EF1612 /* LoxTests.xctest */ = {isa = PBXFileReference; explicitFileType = wrapper.cfbundle; includeInIndex = 0; path = LoxTests.xctest; sourceTree = BUILT_PRODUCTS_DIR; };
		3C33E09C265D39B700EF1612 /* ScannerTests.swift */ = {isa = PBXFileReference; lastKnownFileType = sourcecode.swift; path = ScannerTests.swift; sourceTree = "<group>"; };
		3C33E09E265D39B700EF1612 /* Info.plist */ = {isa = PBXFileReference; lastKnownFileType = text.plist.xml; path = Info.plist; sourceTree = "<group>"; };
		3C33E0BC265E3A0100EF1612 /* Expr.swift */ = {isa = PBXFileReference; lastKnownFileType = sourcecode.swift; path = Expr.swift; sourceTree = "<group>"; };
		3C33E0C4265E3D9900EF1612 /* AstGenerator */ = {isa = PBXFileReference; explicitFileType = "compiled.mach-o.executable"; includeInIndex = 0; path = AstGenerator; sourceTree = BUILT_PRODUCTS_DIR; };
		3C33E0C6265E3D9900EF1612 /* main.swift */ = {isa = PBXFileReference; lastKnownFileType = sourcecode.swift; path = main.swift; sourceTree = "<group>"; };
/* End PBXFileReference section */

/* Begin PBXFrameworksBuildPhase section */
		3C33E07C265BBF3300EF1612 /* Frameworks */ = {
			isa = PBXFrameworksBuildPhase;
			buildActionMask = 2147483647;
			files = (
			);
			runOnlyForDeploymentPostprocessing = 0;
		};
		3C33E097265D39B700EF1612 /* Frameworks */ = {
			isa = PBXFrameworksBuildPhase;
			buildActionMask = 2147483647;
			files = (
			);
			runOnlyForDeploymentPostprocessing = 0;
		};
		3C33E0C1265E3D9900EF1612 /* Frameworks */ = {
			isa = PBXFrameworksBuildPhase;
			buildActionMask = 2147483647;
			files = (
			);
			runOnlyForDeploymentPostprocessing = 0;
		};
/* End PBXFrameworksBuildPhase section */

/* Begin PBXGroup section */
		3C33E076265BBF3300EF1612 = {
			isa = PBXGroup;
			children = (
				3C33E081265BBF3300EF1612 /* Lox */,
				3C33E09B265D39B700EF1612 /* LoxTests */,
				3C33E0C5265E3D9900EF1612 /* AstGenerator */,
				3C33E080265BBF3300EF1612 /* Products */,
			);
			sourceTree = "<group>";
		};
		3C33E080265BBF3300EF1612 /* Products */ = {
			isa = PBXGroup;
			children = (
				3C33E07F265BBF3300EF1612 /* Lox */,
				3C33E09A265D39B700EF1612 /* LoxTests.xctest */,
				3C33E0C4265E3D9900EF1612 /* AstGenerator */,
			);
			name = Products;
			sourceTree = "<group>";
		};
		3C33E081265BBF3300EF1612 /* Lox */ = {
			isa = PBXGroup;
			children = (
				3C33E082265BBF3300EF1612 /* main.swift */,
				3C33E08A265BC88200EF1612 /* Lox.swift */,
				3C33E0BA265E39D100EF1612 /* Scanner */,
				3C33E0BB265E39E600EF1612 /* Parser */,
			);
			path = Lox;
			sourceTree = "<group>";
		};
		3C33E09B265D39B700EF1612 /* LoxTests */ = {
			isa = PBXGroup;
			children = (
				3C33E09C265D39B700EF1612 /* ScannerTests.swift */,
				3C33E09E265D39B700EF1612 /* Info.plist */,
			);
			path = LoxTests;
			sourceTree = "<group>";
		};
		3C33E0BA265E39D100EF1612 /* Scanner */ = {
			isa = PBXGroup;
			children = (
				3C33E08D265BE0DB00EF1612 /* TokenType.swift */,
				3C33E090265BE28200EF1612 /* Token.swift */,
				3C33E093265BE7EC00EF1612 /* Scanner.swift */,
			);
			path = Scanner;
			sourceTree = "<group>";
		};
		3C33E0BB265E39E600EF1612 /* Parser */ = {
			isa = PBXGroup;
			children = (
				3C33E0BC265E3A0100EF1612 /* Expr.swift */,
			);
			path = Parser;
			sourceTree = "<group>";
		};
		3C33E0C5265E3D9900EF1612 /* AstGenerator */ = {
			isa = PBXGroup;
			children = (
				3C33E0C6265E3D9900EF1612 /* main.swift */,
			);
			path = AstGenerator;
			sourceTree = "<group>";
		};
/* End PBXGroup section */

/* Begin PBXNativeTarget section */
		3C33E07E265BBF3300EF1612 /* Lox */ = {
			isa = PBXNativeTarget;
			buildConfigurationList = 3C33E086265BBF3300EF1612 /* Build configuration list for PBXNativeTarget "Lox" */;
			buildPhases = (
				3C33E07B265BBF3300EF1612 /* Sources */,
				3C33E07C265BBF3300EF1612 /* Frameworks */,
				3C33E07D265BBF3300EF1612 /* CopyFiles */,
			);
			buildRules = (
			);
			dependencies = (
			);
			name = Lox;
			productName = Lox;
			productReference = 3C33E07F265BBF3300EF1612 /* Lox */;
			productType = "com.apple.product-type.tool";
		};
		3C33E099265D39B700EF1612 /* LoxTests */ = {
			isa = PBXNativeTarget;
			buildConfigurationList = 3C33E09F265D39B700EF1612 /* Build configuration list for PBXNativeTarget "LoxTests" */;
			buildPhases = (
				3C33E096265D39B700EF1612 /* Sources */,
				3C33E097265D39B700EF1612 /* Frameworks */,
				3C33E098265D39B700EF1612 /* Resources */,
			);
			buildRules = (
			);
			dependencies = (
			);
			name = LoxTests;
			productName = LoxTests;
			productReference = 3C33E09A265D39B700EF1612 /* LoxTests.xctest */;
			productType = "com.apple.product-type.bundle.unit-test";
		};
		3C33E0C3265E3D9900EF1612 /* AstGenerator */ = {
			isa = PBXNativeTarget;
			buildConfigurationList = 3C33E0C8265E3D9900EF1612 /* Build configuration list for PBXNativeTarget "AstGenerator" */;
			buildPhases = (
				3C33E0C0265E3D9900EF1612 /* Sources */,
				3C33E0C1265E3D9900EF1612 /* Frameworks */,
				3C33E0C2265E3D9900EF1612 /* CopyFiles */,
			);
			buildRules = (
			);
			dependencies = (
			);
			name = AstGenerator;
			productName = AstGenerator;
			productReference = 3C33E0C4265E3D9900EF1612 /* AstGenerator */;
			productType = "com.apple.product-type.tool";
		};
/* End PBXNativeTarget section */

/* Begin PBXProject section */
		3C33E077265BBF3300EF1612 /* Project object */ = {
			isa = PBXProject;
			attributes = {
				LastSwiftUpdateCheck = 1240;
				LastUpgradeCheck = 1240;
				TargetAttributes = {
					3C33E07E265BBF3300EF1612 = {
						CreatedOnToolsVersion = 12.4;
					};
					3C33E099265D39B700EF1612 = {
						CreatedOnToolsVersion = 12.4;
					};
					3C33E0C3265E3D9900EF1612 = {
						CreatedOnToolsVersion = 12.4;
					};
				};
			};
			buildConfigurationList = 3C33E07A265BBF3300EF1612 /* Build configuration list for PBXProject "Lox" */;
			compatibilityVersion = "Xcode 9.3";
			developmentRegion = en;
			hasScannedForEncodings = 0;
			knownRegions = (
				en,
				Base,
			);
			mainGroup = 3C33E076265BBF3300EF1612;
			productRefGroup = 3C33E080265BBF3300EF1612 /* Products */;
			projectDirPath = "";
			projectRoot = "";
			targets = (
				3C33E07E265BBF3300EF1612 /* Lox */,
				3C33E099265D39B700EF1612 /* LoxTests */,
				3C33E0C3265E3D9900EF1612 /* AstGenerator */,
			);
		};
/* End PBXProject section */

/* Begin PBXResourcesBuildPhase section */
		3C33E098265D39B700EF1612 /* Resources */ = {
			isa = PBXResourcesBuildPhase;
			buildActionMask = 2147483647;
			files = (
			);
			runOnlyForDeploymentPostprocessing = 0;
		};
/* End PBXResourcesBuildPhase section */

/* Begin PBXSourcesBuildPhase section */
		3C33E07B265BBF3300EF1612 /* Sources */ = {
			isa = PBXSourcesBuildPhase;
			buildActionMask = 2147483647;
			files = (
				3C33E08E265BE0DB00EF1612 /* TokenType.swift in Sources */,
				3C33E083265BBF3300EF1612 /* main.swift in Sources */,
				3C33E08B265BC88200EF1612 /* Lox.swift in Sources */,
				3C33E094265BE7EC00EF1612 /* Scanner.swift in Sources */,
				3C33E0BD265E3A0100EF1612 /* Expr.swift in Sources */,
				3C33E091265BE28200EF1612 /* Token.swift in Sources */,
			);
			runOnlyForDeploymentPostprocessing = 0;
		};
		3C33E096265D39B700EF1612 /* Sources */ = {
			isa = PBXSourcesBuildPhase;
			buildActionMask = 2147483647;
			files = (
				3C33E0A9265D3BE100EF1612 /* TokenType.swift in Sources */,
				3C33E09D265D39B700EF1612 /* ScannerTests.swift in Sources */,
				3C33E0A6265D3BDE00EF1612 /* Lox.swift in Sources */,
				3C33E0AF265D3BE700EF1612 /* Scanner.swift in Sources */,
				3C33E0AC265D3BE400EF1612 /* Token.swift in Sources */,
			);
			runOnlyForDeploymentPostprocessing = 0;
		};
		3C33E0C0265E3D9900EF1612 /* Sources */ = {
			isa = PBXSourcesBuildPhase;
			buildActionMask = 2147483647;
			files = (
				3C33E0C7265E3D9900EF1612 /* main.swift in Sources */,
			);
			runOnlyForDeploymentPostprocessing = 0;
		};
/* End PBXSourcesBuildPhase section */

/* Begin XCBuildConfiguration section */
		3C33E084265BBF3300EF1612 /* Debug */ = {
			isa = XCBuildConfiguration;
			buildSettings = {
				ALWAYS_SEARCH_USER_PATHS = NO;
				CLANG_ANALYZER_NONNULL = YES;
				CLANG_ANALYZER_NUMBER_OBJECT_CONVERSION = YES_AGGRESSIVE;
				CLANG_CXX_LANGUAGE_STANDARD = "gnu++14";
				CLANG_CXX_LIBRARY = "libc++";
				CLANG_ENABLE_MODULES = YES;
				CLANG_ENABLE_OBJC_ARC = YES;
				CLANG_ENABLE_OBJC_WEAK = YES;
				CLANG_WARN_BLOCK_CAPTURE_AUTORELEASING = YES;
				CLANG_WARN_BOOL_CONVERSION = YES;
				CLANG_WARN_COMMA = YES;
				CLANG_WARN_CONSTANT_CONVERSION = YES;
				CLANG_WARN_DEPRECATED_OBJC_IMPLEMENTATIONS = YES;
				CLANG_WARN_DIRECT_OBJC_ISA_USAGE = YES_ERROR;
				CLANG_WARN_DOCUMENTATION_COMMENTS = YES;
				CLANG_WARN_EMPTY_BODY = YES;
				CLANG_WARN_ENUM_CONVERSION = YES;
				CLANG_WARN_INFINITE_RECURSION = YES;
				CLANG_WARN_INT_CONVERSION = YES;
				CLANG_WARN_NON_LITERAL_NULL_CONVERSION = YES;
				CLANG_WARN_OBJC_IMPLICIT_RETAIN_SELF = YES;
				CLANG_WARN_OBJC_LITERAL_CONVERSION = YES;
				CLANG_WARN_OBJC_ROOT_CLASS = YES_ERROR;
				CLANG_WARN_QUOTED_INCLUDE_IN_FRAMEWORK_HEADER = YES;
				CLANG_WARN_RANGE_LOOP_ANALYSIS = YES;
				CLANG_WARN_STRICT_PROTOTYPES = YES;
				CLANG_WARN_SUSPICIOUS_MOVE = YES;
				CLANG_WARN_UNGUARDED_AVAILABILITY = YES_AGGRESSIVE;
				CLANG_WARN_UNREACHABLE_CODE = YES;
				CLANG_WARN__DUPLICATE_METHOD_MATCH = YES;
				COPY_PHASE_STRIP = NO;
				DEBUG_INFORMATION_FORMAT = dwarf;
				ENABLE_STRICT_OBJC_MSGSEND = YES;
				ENABLE_TESTABILITY = YES;
				GCC_C_LANGUAGE_STANDARD = gnu11;
				GCC_DYNAMIC_NO_PIC = NO;
				GCC_NO_COMMON_BLOCKS = YES;
				GCC_OPTIMIZATION_LEVEL = 0;
				GCC_PREPROCESSOR_DEFINITIONS = (
					"DEBUG=1",
					"$(inherited)",
				);
				GCC_WARN_64_TO_32_BIT_CONVERSION = YES;
				GCC_WARN_ABOUT_RETURN_TYPE = YES_ERROR;
				GCC_WARN_UNDECLARED_SELECTOR = YES;
				GCC_WARN_UNINITIALIZED_AUTOS = YES_AGGRESSIVE;
				GCC_WARN_UNUSED_FUNCTION = YES;
				GCC_WARN_UNUSED_VARIABLE = YES;
				MACOSX_DEPLOYMENT_TARGET = 11.1;
				MTL_ENABLE_DEBUG_INFO = INCLUDE_SOURCE;
				MTL_FAST_MATH = YES;
				ONLY_ACTIVE_ARCH = YES;
				SDKROOT = macosx;
				SWIFT_ACTIVE_COMPILATION_CONDITIONS = DEBUG;
				SWIFT_OPTIMIZATION_LEVEL = "-Onone";
			};
			name = Debug;
		};
		3C33E085265BBF3300EF1612 /* Release */ = {
			isa = XCBuildConfiguration;
			buildSettings = {
				ALWAYS_SEARCH_USER_PATHS = NO;
				CLANG_ANALYZER_NONNULL = YES;
				CLANG_ANALYZER_NUMBER_OBJECT_CONVERSION = YES_AGGRESSIVE;
				CLANG_CXX_LANGUAGE_STANDARD = "gnu++14";
				CLANG_CXX_LIBRARY = "libc++";
				CLANG_ENABLE_MODULES = YES;
				CLANG_ENABLE_OBJC_ARC = YES;
				CLANG_ENABLE_OBJC_WEAK = YES;
				CLANG_WARN_BLOCK_CAPTURE_AUTORELEASING = YES;
				CLANG_WARN_BOOL_CONVERSION = YES;
				CLANG_WARN_COMMA = YES;
				CLANG_WARN_CONSTANT_CONVERSION = YES;
				CLANG_WARN_DEPRECATED_OBJC_IMPLEMENTATIONS = YES;
				CLANG_WARN_DIRECT_OBJC_ISA_USAGE = YES_ERROR;
				CLANG_WARN_DOCUMENTATION_COMMENTS = YES;
				CLANG_WARN_EMPTY_BODY = YES;
				CLANG_WARN_ENUM_CONVERSION = YES;
				CLANG_WARN_INFINITE_RECURSION = YES;
				CLANG_WARN_INT_CONVERSION = YES;
				CLANG_WARN_NON_LITERAL_NULL_CONVERSION = YES;
				CLANG_WARN_OBJC_IMPLICIT_RETAIN_SELF = YES;
				CLANG_WARN_OBJC_LITERAL_CONVERSION = YES;
				CLANG_WARN_OBJC_ROOT_CLASS = YES_ERROR;
				CLANG_WARN_QUOTED_INCLUDE_IN_FRAMEWORK_HEADER = YES;
				CLANG_WARN_RANGE_LOOP_ANALYSIS = YES;
				CLANG_WARN_STRICT_PROTOTYPES = YES;
				CLANG_WARN_SUSPICIOUS_MOVE = YES;
				CLANG_WARN_UNGUARDED_AVAILABILITY = YES_AGGRESSIVE;
				CLANG_WARN_UNREACHABLE_CODE = YES;
				CLANG_WARN__DUPLICATE_METHOD_MATCH = YES;
				COPY_PHASE_STRIP = NO;
				DEBUG_INFORMATION_FORMAT = "dwarf-with-dsym";
				ENABLE_NS_ASSERTIONS = NO;
				ENABLE_STRICT_OBJC_MSGSEND = YES;
				GCC_C_LANGUAGE_STANDARD = gnu11;
				GCC_NO_COMMON_BLOCKS = YES;
				GCC_WARN_64_TO_32_BIT_CONVERSION = YES;
				GCC_WARN_ABOUT_RETURN_TYPE = YES_ERROR;
				GCC_WARN_UNDECLARED_SELECTOR = YES;
				GCC_WARN_UNINITIALIZED_AUTOS = YES_AGGRESSIVE;
				GCC_WARN_UNUSED_FUNCTION = YES;
				GCC_WARN_UNUSED_VARIABLE = YES;
				MACOSX_DEPLOYMENT_TARGET = 11.1;
				MTL_ENABLE_DEBUG_INFO = NO;
				MTL_FAST_MATH = YES;
				SDKROOT = macosx;
				SWIFT_COMPILATION_MODE = wholemodule;
				SWIFT_OPTIMIZATION_LEVEL = "-O";
			};
			name = Release;
		};
		3C33E087265BBF3300EF1612 /* Debug */ = {
			isa = XCBuildConfiguration;
			buildSettings = {
				CODE_SIGN_STYLE = Automatic;
				PRODUCT_NAME = "$(TARGET_NAME)";
				SWIFT_VERSION = 5.0;
			};
			name = Debug;
		};
		3C33E088265BBF3300EF1612 /* Release */ = {
			isa = XCBuildConfiguration;
			buildSettings = {
				CODE_SIGN_STYLE = Automatic;
				PRODUCT_NAME = "$(TARGET_NAME)";
				SWIFT_VERSION = 5.0;
			};
			name = Release;
		};
		3C33E0A0265D39B700EF1612 /* Debug */ = {
			isa = XCBuildConfiguration;
			buildSettings = {
				CODE_SIGN_STYLE = Automatic;
				COMBINE_HIDPI_IMAGES = YES;
				INFOPLIST_FILE = LoxTests/Info.plist;
				LD_RUNPATH_SEARCH_PATHS = (
					"$(inherited)",
					"@executable_path/../Frameworks",
					"@loader_path/../Frameworks",
				);
				PRODUCT_BUNDLE_IDENTIFIER = NonOrg.LoxTests;
				PRODUCT_NAME = "$(TARGET_NAME)";
				SWIFT_VERSION = 5.0;
			};
			name = Debug;
		};
		3C33E0A1265D39B700EF1612 /* Release */ = {
			isa = XCBuildConfiguration;
			buildSettings = {
				CODE_SIGN_STYLE = Automatic;
				COMBINE_HIDPI_IMAGES = YES;
				INFOPLIST_FILE = LoxTests/Info.plist;
				LD_RUNPATH_SEARCH_PATHS = (
					"$(inherited)",
					"@executable_path/../Frameworks",
					"@loader_path/../Frameworks",
				);
				PRODUCT_BUNDLE_IDENTIFIER = NonOrg.LoxTests;
				PRODUCT_NAME = "$(TARGET_NAME)";
				SWIFT_VERSION = 5.0;
			};
			name = Release;
		};
		3C33E0C9265E3D9900EF1612 /* Debug */ = {
			isa = XCBuildConfiguration;
			buildSettings = {
				CODE_SIGN_STYLE = Automatic;
				PRODUCT_NAME = "$(TARGET_NAME)";
				SWIFT_VERSION = 5.0;
			};
			name = Debug;
		};
		3C33E0CA265E3D9900EF1612 /* Release */ = {
			isa = XCBuildConfiguration;
			buildSettings = {
				CODE_SIGN_STYLE = Automatic;
				PRODUCT_NAME = "$(TARGET_NAME)";
				SWIFT_VERSION = 5.0;
			};
			name = Release;
		};
/* End XCBuildConfiguration section */

/* Begin XCConfigurationList section */
		3C33E07A265BBF3300EF1612 /* Build configuration list for PBXProject "Lox" */ = {
			isa = XCConfigurationList;
			buildConfigurations = (
				3C33E084265BBF3300EF1612 /* Debug */,
				3C33E085265BBF3300EF1612 /* Release */,
			);
			defaultConfigurationIsVisible = 0;
			defaultConfigurationName = Release;
		};
		3C33E086265BBF3300EF1612 /* Build configuration list for PBXNativeTarget "Lox" */ = {
			isa = XCConfigurationList;
			buildConfigurations = (
				3C33E087265BBF3300EF1612 /* Debug */,
				3C33E088265BBF3300EF1612 /* Release */,
			);
			defaultConfigurationIsVisible = 0;
			defaultConfigurationName = Release;
		};
		3C33E09F265D39B700EF1612 /* Build configuration list for PBXNativeTarget "LoxTests" */ = {
			isa = XCConfigurationList;
			buildConfigurations = (
				3C33E0A0265D39B700EF1612 /* Debug */,
				3C33E0A1265D39B700EF1612 /* Release */,
			);
			defaultConfigurationIsVisible = 0;
			defaultConfigurationName = Release;
		};
		3C33E0C8265E3D9900EF1612 /* Build configuration list for PBXNativeTarget "AstGenerator" */ = {
			isa = XCConfigurationList;
			buildConfigurations = (
				3C33E0C9265E3D9900EF1612 /* Debug */,
				3C33E0CA265E3D9900EF1612 /* Release */,
			);
			defaultConfigurationIsVisible = 0;
			defaultConfigurationName = Release;
		};
/* End XCConfigurationList section */
	};
	rootObject = 3C33E077265BBF3300EF1612 /* Project object */;
}
